
Microsoft Visual Studio Solution File, Format Version 12.00
# Visual Studio Version 17
VisualStudioVersion = 17.0.32112.339
MinimumVisualStudioVersion = 10.0.40219.1
Project("{FAE04EC0-301F-11D3-BF4B-00C04F79EFBC}") = "GUI", "GUI\GUI.csproj", "{9708CB7F-B892-43E4-98C8-E618CF79A6FA}"
EndProject
Project("{FAE04EC0-301F-11D3-BF4B-00C04F79EFBC}") = "BUS", "BUS\BUS.csproj", "{070C535A-B44F-4D74-9938-4D511D0C1E71}"
EndProject
Project("{FAE04EC0-301F-11D3-BF4B-00C04F79EFBC}") = "DTO", "DTO\DTO.csproj", "{E54E3BCC-02BA-417F-BB9D-DFF3D0EABB0D}"
EndProject
Project("{FAE04EC0-301F-11D3-BF4B-00C04F79EFBC}") = "DAL", "DAL\DAL.csproj", "{C06E5D91-7C65-40A2-B6A2-670534A0FF97}"
EndProject
Global
	GlobalSection(SolutionConfigurationPlatforms) = preSolution
		Debug|Any CPU = Debug|Any CPU
		Release|Any CPU = Release|Any CPU
	EndGlobalSection
	GlobalSection(ProjectConfigurationPlatforms) = postSolution
		{9708CB7F-B892-43E4-98C8-E618CF79A6FA}.Debug|Any CPU.ActiveCfg = Debug|Any CPU
		{9708CB7F-B892-43E4-98C8-E618CF79A6FA}.Debug|Any CPU.Build.0 = Debug|Any CPU
		{9708CB7F-B892-43E4-98C8-E618CF79A6FA}.Release|Any CPU.ActiveCfg = Release|Any CPU
		{9708CB7F-B892-43E4-98C8-E618CF79A6FA}.Release|Any CPU.Build.0 = Release|Any CPU
		{070C535A-B44F-4D74-9938-4D511D0C1E71}.Debug|Any CPU.ActiveCfg = Debug|Any CPU
		{070C535A-B44F-4D74-9938-4D511D0C1E71}.Debug|Any CPU.Build.0 = Debug|Any CPU
		{070C535A-B44F-4D74-9938-4D511D0C1E71}.Release|Any CPU.ActiveCfg = Release|Any CPU
		{070C535A-B44F-4D74-9938-4D511D0C1E71}.Release|Any CPU.Build.0 = Release|Any CPU
		{E54E3BCC-02BA-417F-BB9D-DFF3D0EABB0D}.Debug|Any CPU.ActiveCfg = Debug|Any CPU
		{E54E3BCC-02BA-417F-BB9D-DFF3D0EABB0D}.Debug|Any CPU.Build.0 = Debug|Any CPU
		{E54E3BCC-02BA-417F-BB9D-DFF3D0EABB0D}.Release|Any CPU.ActiveCfg = Release|Any CPU
		{E54E3BCC-02BA-417F-BB9D-DFF3D0EABB0D}.Release|Any CPU.Build.0 = Release|Any CPU
		{C06E5D91-7C65-40A2-B6A2-670534A0FF97}.Debug|Any CPU.ActiveCfg = Debug|Any CPU
		{C06E5D91-7C65-40A2-B6A2-670534A0FF97}.Debug|Any CPU.Build.0 = Debug|Any CPU
		{C06E5D91-7C65-40A2-B6A2-670534A0FF97}.Release|Any CPU.ActiveCfg = Release|Any CPU
		{C06E5D91-7C65-40A2-B6A2-670534A0FF97}.Release|Any CPU.Build.0 = Release|Any CPU
	EndGlobalSection
	GlobalSection(SolutionProperties) = preSolution
		HideSolutionNode = FALSE
	EndGlobalSection
	GlobalSection(ExtensibilityGlobals) = postSolution
		SolutionGuid = {987A0FCE-D61D-4C3E-BD1A-256AD5FC1E5A}
	EndGlobalSection
EndGlobal
